{
  "name": "devcrew",
  "lockfileVersion": 3,
  "requires": true,
  "packages": {
    "": {
      "dependencies": {
        "apm": "^1.0.2"
      }
    },
    "node_modules/apm": {
      "version": "1.0.2",
      "resolved": "https://registry.npmjs.org/apm/-/apm-1.0.2.tgz",
      "integrity": "sha512-BSO8bFxqKZX0/R9zmporh7ct/GFcd3yh/eJcphcPKB4P+ChhztzWxfVtV3Dm27Fu27a4K6IYqUYpKz6RlzfVKQ==",
      "license": "MIT"
    }
  }
}
